
Microsoft Visual Studio Solution File, Format Version 12.00
# Visual Studio Version 16
Project("{2150E333-8FDC-42A3-9474-1A3956D46DE8}") = "Libraries", "Libraries", "{3815ACBA-4379-32E6-8F07-C4FB0BEFBCDE}"
EndProject
Project("{2150E333-8FDC-42A3-9474-1A3956D46DE8}") = "Predefined", "Predefined", "{233CB80A-CE18-3490-94A7-EEF07FA3108B}"
EndProject
Project("{2150E333-8FDC-42A3-9474-1A3956D46DE8}") = "VSTGUI Tools", "VSTGUI Tools", "{8D8261BC-6B21-3AAA-9728-C40DCB26081C}"
EndProject
Project("{2150E333-8FDC-42A3-9474-1A3956D46DE8}") = "Validator", "Validator", "{31032875-7057-308A-A46F-17E531F0DE4D}"
EndProject
Project("{8BC9CEB8-8B4A-11D0-8D11-00A0C91BC942}") = "ALL_BUILD", "ALL_BUILD.vcxproj", "{A61BDEAF-B2EA-3E99-B912-E535C11FD5D6}"
	ProjectSection(ProjectDependencies) = postProject
		{5B91AA3D-8C41-3E10-A08F-79E332B0ECCA} = {5B91AA3D-8C41-3E10-A08F-79E332B0ECCA}
		{E4DB4958-EEE5-3852-A298-84116234A155} = {E4DB4958-EEE5-3852-A298-84116234A155}
		{C48E1450-C727-35DA-82AB-1992CC51AE1C} = {C48E1450-C727-35DA-82AB-1992CC51AE1C}
		{0E72BD3B-6BDB-3B70-8706-B337CA12CADA} = {0E72BD3B-6BDB-3B70-8706-B337CA12CADA}
		{6C1D5B8F-2728-3B28-B1C1-11414F4B2126} = {6C1D5B8F-2728-3B28-B1C1-11414F4B2126}
		{DCD93420-C5CA-38DE-957C-3D57710DF469} = {DCD93420-C5CA-38DE-957C-3D57710DF469}
		{6A45B4EB-7804-34A1-96DB-39ADA8375F6D} = {6A45B4EB-7804-34A1-96DB-39ADA8375F6D}
		{DCA17903-0BB8-3D68-90B1-6518234AD6C3} = {DCA17903-0BB8-3D68-90B1-6518234AD6C3}
		{D168D9EE-7743-3B5E-A9F5-E644136E3F68} = {D168D9EE-7743-3B5E-A9F5-E644136E3F68}
		{A8DBE965-03C4-3BD6-911A-7359DE095AF5} = {A8DBE965-03C4-3BD6-911A-7359DE095AF5}
		{96245B20-4435-3884-A108-8E2D8CE1C2AD} = {96245B20-4435-3884-A108-8E2D8CE1C2AD}
		{090A49D8-C0CF-3FC9-8DC3-B449B7681A75} = {090A49D8-C0CF-3FC9-8DC3-B449B7681A75}
	EndProjectSection
EndProject
Project("{8BC9CEB8-8B4A-11D0-8D11-00A0C91BC942}") = "JWDFTest_VST", "project_source\cmake\vst_cmake\JWDFTest_VST.vcxproj", "{5B91AA3D-8C41-3E10-A08F-79E332B0ECCA}"
	ProjectSection(ProjectDependencies) = postProject
		{E4DB4958-EEE5-3852-A298-84116234A155} = {E4DB4958-EEE5-3852-A298-84116234A155}
		{C48E1450-C727-35DA-82AB-1992CC51AE1C} = {C48E1450-C727-35DA-82AB-1992CC51AE1C}
		{0E72BD3B-6BDB-3B70-8706-B337CA12CADA} = {0E72BD3B-6BDB-3B70-8706-B337CA12CADA}
		{6C1D5B8F-2728-3B28-B1C1-11414F4B2126} = {6C1D5B8F-2728-3B28-B1C1-11414F4B2126}
		{DCD93420-C5CA-38DE-957C-3D57710DF469} = {DCD93420-C5CA-38DE-957C-3D57710DF469}
		{D168D9EE-7743-3B5E-A9F5-E644136E3F68} = {D168D9EE-7743-3B5E-A9F5-E644136E3F68}
		{A8DBE965-03C4-3BD6-911A-7359DE095AF5} = {A8DBE965-03C4-3BD6-911A-7359DE095AF5}
		{96245B20-4435-3884-A108-8E2D8CE1C2AD} = {96245B20-4435-3884-A108-8E2D8CE1C2AD}
		{090A49D8-C0CF-3FC9-8DC3-B449B7681A75} = {090A49D8-C0CF-3FC9-8DC3-B449B7681A75}
	EndProjectSection
EndProject
Project("{8BC9CEB8-8B4A-11D0-8D11-00A0C91BC942}") = "ZERO_CHECK", "ZERO_CHECK.vcxproj", "{E4DB4958-EEE5-3852-A298-84116234A155}"
	ProjectSection(ProjectDependencies) = postProject
	EndProjectSection
EndProject
Project("{8BC9CEB8-8B4A-11D0-8D11-00A0C91BC942}") = "base", "cmake\vst_cmake\base\base.vcxproj", "{C48E1450-C727-35DA-82AB-1992CC51AE1C}"
	ProjectSection(ProjectDependencies) = postProject
		{E4DB4958-EEE5-3852-A298-84116234A155} = {E4DB4958-EEE5-3852-A298-84116234A155}
	EndProjectSection
EndProject
Project("{8BC9CEB8-8B4A-11D0-8D11-00A0C91BC942}") = "pluginterfaces", "cmake\vst_cmake\pluginterfaces\pluginterfaces.vcxproj", "{0E72BD3B-6BDB-3B70-8706-B337CA12CADA}"
	ProjectSection(ProjectDependencies) = postProject
		{E4DB4958-EEE5-3852-A298-84116234A155} = {E4DB4958-EEE5-3852-A298-84116234A155}
	EndProjectSection
EndProject
Project("{8BC9CEB8-8B4A-11D0-8D11-00A0C91BC942}") = "sdk", "cmake\vst_cmake\public.sdk\sdk.vcxproj", "{6C1D5B8F-2728-3B28-B1C1-11414F4B2126}"
	ProjectSection(ProjectDependencies) = postProject
		{E4DB4958-EEE5-3852-A298-84116234A155} = {E4DB4958-EEE5-3852-A298-84116234A155}
		{C48E1450-C727-35DA-82AB-1992CC51AE1C} = {C48E1450-C727-35DA-82AB-1992CC51AE1C}
		{0E72BD3B-6BDB-3B70-8706-B337CA12CADA} = {0E72BD3B-6BDB-3B70-8706-B337CA12CADA}
		{DCD93420-C5CA-38DE-957C-3D57710DF469} = {DCD93420-C5CA-38DE-957C-3D57710DF469}
	EndProjectSection
EndProject
Project("{8BC9CEB8-8B4A-11D0-8D11-00A0C91BC942}") = "sdk_common", "cmake\vst_cmake\public.sdk\sdk_common.vcxproj", "{DCD93420-C5CA-38DE-957C-3D57710DF469}"
	ProjectSection(ProjectDependencies) = postProject
		{E4DB4958-EEE5-3852-A298-84116234A155} = {E4DB4958-EEE5-3852-A298-84116234A155}
		{C48E1450-C727-35DA-82AB-1992CC51AE1C} = {C48E1450-C727-35DA-82AB-1992CC51AE1C}
		{0E72BD3B-6BDB-3B70-8706-B337CA12CADA} = {0E72BD3B-6BDB-3B70-8706-B337CA12CADA}
	EndProjectSection
EndProject
Project("{8BC9CEB8-8B4A-11D0-8D11-00A0C91BC942}") = "sdk_hosting", "cmake\vst_cmake\public.sdk\sdk_hosting.vcxproj", "{6A45B4EB-7804-34A1-96DB-39ADA8375F6D}"
	ProjectSection(ProjectDependencies) = postProject
		{E4DB4958-EEE5-3852-A298-84116234A155} = {E4DB4958-EEE5-3852-A298-84116234A155}
		{C48E1450-C727-35DA-82AB-1992CC51AE1C} = {C48E1450-C727-35DA-82AB-1992CC51AE1C}
		{0E72BD3B-6BDB-3B70-8706-B337CA12CADA} = {0E72BD3B-6BDB-3B70-8706-B337CA12CADA}
		{DCD93420-C5CA-38DE-957C-3D57710DF469} = {DCD93420-C5CA-38DE-957C-3D57710DF469}
	EndProjectSection
EndProject
Project("{8BC9CEB8-8B4A-11D0-8D11-00A0C91BC942}") = "uidesccompressor", "cmake\vst_cmake\vstgui4\vstgui\tools\uidesccompressor\uidesccompressor.vcxproj", "{DCA17903-0BB8-3D68-90B1-6518234AD6C3}"
	ProjectSection(ProjectDependencies) = postProject
		{E4DB4958-EEE5-3852-A298-84116234A155} = {E4DB4958-EEE5-3852-A298-84116234A155}
		{A8DBE965-03C4-3BD6-911A-7359DE095AF5} = {A8DBE965-03C4-3BD6-911A-7359DE095AF5}
		{090A49D8-C0CF-3FC9-8DC3-B449B7681A75} = {090A49D8-C0CF-3FC9-8DC3-B449B7681A75}
	EndProjectSection
EndProject
Project("{8BC9CEB8-8B4A-11D0-8D11-00A0C91BC942}") = "validator", "cmake\vst_cmake\public.sdk\samples\vst-hosting\validator\validator.vcxproj", "{D168D9EE-7743-3B5E-A9F5-E644136E3F68}"
	ProjectSection(ProjectDependencies) = postProject
		{E4DB4958-EEE5-3852-A298-84116234A155} = {E4DB4958-EEE5-3852-A298-84116234A155}
		{C48E1450-C727-35DA-82AB-1992CC51AE1C} = {C48E1450-C727-35DA-82AB-1992CC51AE1C}
		{0E72BD3B-6BDB-3B70-8706-B337CA12CADA} = {0E72BD3B-6BDB-3B70-8706-B337CA12CADA}
		{DCD93420-C5CA-38DE-957C-3D57710DF469} = {DCD93420-C5CA-38DE-957C-3D57710DF469}
		{6A45B4EB-7804-34A1-96DB-39ADA8375F6D} = {6A45B4EB-7804-34A1-96DB-39ADA8375F6D}
	EndProjectSection
EndProject
Project("{8BC9CEB8-8B4A-11D0-8D11-00A0C91BC942}") = "vstgui", "cmake\vst_cmake\vstgui4\vstgui\lib\vstgui.vcxproj", "{A8DBE965-03C4-3BD6-911A-7359DE095AF5}"
	ProjectSection(ProjectDependencies) = postProject
		{E4DB4958-EEE5-3852-A298-84116234A155} = {E4DB4958-EEE5-3852-A298-84116234A155}
	EndProjectSection
EndProject
Project("{8BC9CEB8-8B4A-11D0-8D11-00A0C91BC942}") = "vstgui_support", "cmake\vst_cmake\vstgui_support.vcxproj", "{96245B20-4435-3884-A108-8E2D8CE1C2AD}"
	ProjectSection(ProjectDependencies) = postProject
		{E4DB4958-EEE5-3852-A298-84116234A155} = {E4DB4958-EEE5-3852-A298-84116234A155}
		{A8DBE965-03C4-3BD6-911A-7359DE095AF5} = {A8DBE965-03C4-3BD6-911A-7359DE095AF5}
		{090A49D8-C0CF-3FC9-8DC3-B449B7681A75} = {090A49D8-C0CF-3FC9-8DC3-B449B7681A75}
	EndProjectSection
EndProject
Project("{8BC9CEB8-8B4A-11D0-8D11-00A0C91BC942}") = "vstgui_uidescription", "cmake\vst_cmake\vstgui4\vstgui\uidescription\vstgui_uidescription.vcxproj", "{090A49D8-C0CF-3FC9-8DC3-B449B7681A75}"
	ProjectSection(ProjectDependencies) = postProject
		{E4DB4958-EEE5-3852-A298-84116234A155} = {E4DB4958-EEE5-3852-A298-84116234A155}
		{A8DBE965-03C4-3BD6-911A-7359DE095AF5} = {A8DBE965-03C4-3BD6-911A-7359DE095AF5}
	EndProjectSection
EndProject
Global
	GlobalSection(SolutionConfigurationPlatforms) = preSolution
		Debug|x64 = Debug|x64
		Release|x64 = Release|x64
		MinSizeRel|x64 = MinSizeRel|x64
		RelWithDebInfo|x64 = RelWithDebInfo|x64
	EndGlobalSection
	GlobalSection(ProjectConfigurationPlatforms) = postSolution
		{A61BDEAF-B2EA-3E99-B912-E535C11FD5D6}.Debug|x64.ActiveCfg = Debug|x64
		{A61BDEAF-B2EA-3E99-B912-E535C11FD5D6}.Release|x64.ActiveCfg = Release|x64
		{A61BDEAF-B2EA-3E99-B912-E535C11FD5D6}.MinSizeRel|x64.ActiveCfg = MinSizeRel|x64
		{A61BDEAF-B2EA-3E99-B912-E535C11FD5D6}.RelWithDebInfo|x64.ActiveCfg = RelWithDebInfo|x64
		{5B91AA3D-8C41-3E10-A08F-79E332B0ECCA}.Debug|x64.ActiveCfg = Debug|x64
		{5B91AA3D-8C41-3E10-A08F-79E332B0ECCA}.Debug|x64.Build.0 = Debug|x64
		{5B91AA3D-8C41-3E10-A08F-79E332B0ECCA}.Release|x64.ActiveCfg = Release|x64
		{5B91AA3D-8C41-3E10-A08F-79E332B0ECCA}.Release|x64.Build.0 = Release|x64
		{5B91AA3D-8C41-3E10-A08F-79E332B0ECCA}.MinSizeRel|x64.ActiveCfg = MinSizeRel|x64
		{5B91AA3D-8C41-3E10-A08F-79E332B0ECCA}.MinSizeRel|x64.Build.0 = MinSizeRel|x64
		{5B91AA3D-8C41-3E10-A08F-79E332B0ECCA}.RelWithDebInfo|x64.ActiveCfg = RelWithDebInfo|x64
		{5B91AA3D-8C41-3E10-A08F-79E332B0ECCA}.RelWithDebInfo|x64.Build.0 = RelWithDebInfo|x64
		{E4DB4958-EEE5-3852-A298-84116234A155}.Debug|x64.ActiveCfg = Debug|x64
		{E4DB4958-EEE5-3852-A298-84116234A155}.Debug|x64.Build.0 = Debug|x64
		{E4DB4958-EEE5-3852-A298-84116234A155}.Release|x64.ActiveCfg = Release|x64
		{E4DB4958-EEE5-3852-A298-84116234A155}.Release|x64.Build.0 = Release|x64
		{E4DB4958-EEE5-3852-A298-84116234A155}.MinSizeRel|x64.ActiveCfg = MinSizeRel|x64
		{E4DB4958-EEE5-3852-A298-84116234A155}.MinSizeRel|x64.Build.0 = MinSizeRel|x64
		{E4DB4958-EEE5-3852-A298-84116234A155}.RelWithDebInfo|x64.ActiveCfg = RelWithDebInfo|x64
		{E4DB4958-EEE5-3852-A298-84116234A155}.RelWithDebInfo|x64.Build.0 = RelWithDebInfo|x64
		{C48E1450-C727-35DA-82AB-1992CC51AE1C}.Debug|x64.ActiveCfg = Debug|x64
		{C48E1450-C727-35DA-82AB-1992CC51AE1C}.Debug|x64.Build.0 = Debug|x64
		{C48E1450-C727-35DA-82AB-1992CC51AE1C}.Release|x64.ActiveCfg = Release|x64
		{C48E1450-C727-35DA-82AB-1992CC51AE1C}.Release|x64.Build.0 = Release|x64
		{C48E1450-C727-35DA-82AB-1992CC51AE1C}.MinSizeRel|x64.ActiveCfg = MinSizeRel|x64
		{C48E1450-C727-35DA-82AB-1992CC51AE1C}.MinSizeRel|x64.Build.0 = MinSizeRel|x64
		{C48E1450-C727-35DA-82AB-1992CC51AE1C}.RelWithDebInfo|x64.ActiveCfg = RelWithDebInfo|x64
		{C48E1450-C727-35DA-82AB-1992CC51AE1C}.RelWithDebInfo|x64.Build.0 = RelWithDebInfo|x64
		{0E72BD3B-6BDB-3B70-8706-B337CA12CADA}.Debug|x64.ActiveCfg = Debug|x64
		{0E72BD3B-6BDB-3B70-8706-B337CA12CADA}.Debug|x64.Build.0 = Debug|x64
		{0E72BD3B-6BDB-3B70-8706-B337CA12CADA}.Release|x64.ActiveCfg = Release|x64
		{0E72BD3B-6BDB-3B70-8706-B337CA12CADA}.Release|x64.Build.0 = Release|x64
		{0E72BD3B-6BDB-3B70-8706-B337CA12CADA}.MinSizeRel|x64.ActiveCfg = MinSizeRel|x64
		{0E72BD3B-6BDB-3B70-8706-B337CA12CADA}.MinSizeRel|x64.Build.0 = MinSizeRel|x64
		{0E72BD3B-6BDB-3B70-8706-B337CA12CADA}.RelWithDebInfo|x64.ActiveCfg = RelWithDebInfo|x64
		{0E72BD3B-6BDB-3B70-8706-B337CA12CADA}.RelWithDebInfo|x64.Build.0 = RelWithDebInfo|x64
		{6C1D5B8F-2728-3B28-B1C1-11414F4B2126}.Debug|x64.ActiveCfg = Debug|x64
		{6C1D5B8F-2728-3B28-B1C1-11414F4B2126}.Debug|x64.Build.0 = Debug|x64
		{6C1D5B8F-2728-3B28-B1C1-11414F4B2126}.Release|x64.ActiveCfg = Release|x64
		{6C1D5B8F-2728-3B28-B1C1-11414F4B2126}.Release|x64.Build.0 = Release|x64
		{6C1D5B8F-2728-3B28-B1C1-11414F4B2126}.MinSizeRel|x64.ActiveCfg = MinSizeRel|x64
		{6C1D5B8F-2728-3B28-B1C1-11414F4B2126}.MinSizeRel|x64.Build.0 = MinSizeRel|x64
		{6C1D5B8F-2728-3B28-B1C1-11414F4B2126}.RelWithDebInfo|x64.ActiveCfg = RelWithDebInfo|x64
		{6C1D5B8F-2728-3B28-B1C1-11414F4B2126}.RelWithDebInfo|x64.Build.0 = RelWithDebInfo|x64
		{DCD93420-C5CA-38DE-957C-3D57710DF469}.Debug|x64.ActiveCfg = Debug|x64
		{DCD93420-C5CA-38DE-957C-3D57710DF469}.Debug|x64.Build.0 = Debug|x64
		{DCD93420-C5CA-38DE-957C-3D57710DF469}.Release|x64.ActiveCfg = Release|x64
		{DCD93420-C5CA-38DE-957C-3D57710DF469}.Release|x64.Build.0 = Release|x64
		{DCD93420-C5CA-38DE-957C-3D57710DF469}.MinSizeRel|x64.ActiveCfg = MinSizeRel|x64
		{DCD93420-C5CA-38DE-957C-3D57710DF469}.MinSizeRel|x64.Build.0 = MinSizeRel|x64
		{DCD93420-C5CA-38DE-957C-3D57710DF469}.RelWithDebInfo|x64.ActiveCfg = RelWithDebInfo|x64
		{DCD93420-C5CA-38DE-957C-3D57710DF469}.RelWithDebInfo|x64.Build.0 = RelWithDebInfo|x64
		{6A45B4EB-7804-34A1-96DB-39ADA8375F6D}.Debug|x64.ActiveCfg = Debug|x64
		{6A45B4EB-7804-34A1-96DB-39ADA8375F6D}.Debug|x64.Build.0 = Debug|x64
		{6A45B4EB-7804-34A1-96DB-39ADA8375F6D}.Release|x64.ActiveCfg = Release|x64
		{6A45B4EB-7804-34A1-96DB-39ADA8375F6D}.Release|x64.Build.0 = Release|x64
		{6A45B4EB-7804-34A1-96DB-39ADA8375F6D}.MinSizeRel|x64.ActiveCfg = MinSizeRel|x64
		{6A45B4EB-7804-34A1-96DB-39ADA8375F6D}.MinSizeRel|x64.Build.0 = MinSizeRel|x64
		{6A45B4EB-7804-34A1-96DB-39ADA8375F6D}.RelWithDebInfo|x64.ActiveCfg = RelWithDebInfo|x64
		{6A45B4EB-7804-34A1-96DB-39ADA8375F6D}.RelWithDebInfo|x64.Build.0 = RelWithDebInfo|x64
		{DCA17903-0BB8-3D68-90B1-6518234AD6C3}.Debug|x64.ActiveCfg = Debug|x64
		{DCA17903-0BB8-3D68-90B1-6518234AD6C3}.Debug|x64.Build.0 = Debug|x64
		{DCA17903-0BB8-3D68-90B1-6518234AD6C3}.Release|x64.ActiveCfg = Release|x64
		{DCA17903-0BB8-3D68-90B1-6518234AD6C3}.Release|x64.Build.0 = Release|x64
		{DCA17903-0BB8-3D68-90B1-6518234AD6C3}.MinSizeRel|x64.ActiveCfg = MinSizeRel|x64
		{DCA17903-0BB8-3D68-90B1-6518234AD6C3}.MinSizeRel|x64.Build.0 = MinSizeRel|x64
		{DCA17903-0BB8-3D68-90B1-6518234AD6C3}.RelWithDebInfo|x64.ActiveCfg = RelWithDebInfo|x64
		{DCA17903-0BB8-3D68-90B1-6518234AD6C3}.RelWithDebInfo|x64.Build.0 = RelWithDebInfo|x64
		{D168D9EE-7743-3B5E-A9F5-E644136E3F68}.Debug|x64.ActiveCfg = Debug|x64
		{D168D9EE-7743-3B5E-A9F5-E644136E3F68}.Debug|x64.Build.0 = Debug|x64
		{D168D9EE-7743-3B5E-A9F5-E644136E3F68}.Release|x64.ActiveCfg = Release|x64
		{D168D9EE-7743-3B5E-A9F5-E644136E3F68}.Release|x64.Build.0 = Release|x64
		{D168D9EE-7743-3B5E-A9F5-E644136E3F68}.MinSizeRel|x64.ActiveCfg = MinSizeRel|x64
		{D168D9EE-7743-3B5E-A9F5-E644136E3F68}.MinSizeRel|x64.Build.0 = MinSizeRel|x64
		{D168D9EE-7743-3B5E-A9F5-E644136E3F68}.RelWithDebInfo|x64.ActiveCfg = RelWithDebInfo|x64
		{D168D9EE-7743-3B5E-A9F5-E644136E3F68}.RelWithDebInfo|x64.Build.0 = RelWithDebInfo|x64
		{A8DBE965-03C4-3BD6-911A-7359DE095AF5}.Debug|x64.ActiveCfg = Debug|x64
		{A8DBE965-03C4-3BD6-911A-7359DE095AF5}.Debug|x64.Build.0 = Debug|x64
		{A8DBE965-03C4-3BD6-911A-7359DE095AF5}.Release|x64.ActiveCfg = Release|x64
		{A8DBE965-03C4-3BD6-911A-7359DE095AF5}.Release|x64.Build.0 = Release|x64
		{A8DBE965-03C4-3BD6-911A-7359DE095AF5}.MinSizeRel|x64.ActiveCfg = MinSizeRel|x64
		{A8DBE965-03C4-3BD6-911A-7359DE095AF5}.MinSizeRel|x64.Build.0 = MinSizeRel|x64
		{A8DBE965-03C4-3BD6-911A-7359DE095AF5}.RelWithDebInfo|x64.ActiveCfg = RelWithDebInfo|x64
		{A8DBE965-03C4-3BD6-911A-7359DE095AF5}.RelWithDebInfo|x64.Build.0 = RelWithDebInfo|x64
		{96245B20-4435-3884-A108-8E2D8CE1C2AD}.Debug|x64.ActiveCfg = Debug|x64
		{96245B20-4435-3884-A108-8E2D8CE1C2AD}.Debug|x64.Build.0 = Debug|x64
		{96245B20-4435-3884-A108-8E2D8CE1C2AD}.Release|x64.ActiveCfg = Release|x64
		{96245B20-4435-3884-A108-8E2D8CE1C2AD}.Release|x64.Build.0 = Release|x64
		{96245B20-4435-3884-A108-8E2D8CE1C2AD}.MinSizeRel|x64.ActiveCfg = MinSizeRel|x64
		{96245B20-4435-3884-A108-8E2D8CE1C2AD}.MinSizeRel|x64.Build.0 = MinSizeRel|x64
		{96245B20-4435-3884-A108-8E2D8CE1C2AD}.RelWithDebInfo|x64.ActiveCfg = RelWithDebInfo|x64
		{96245B20-4435-3884-A108-8E2D8CE1C2AD}.RelWithDebInfo|x64.Build.0 = RelWithDebInfo|x64
		{090A49D8-C0CF-3FC9-8DC3-B449B7681A75}.Debug|x64.ActiveCfg = Debug|x64
		{090A49D8-C0CF-3FC9-8DC3-B449B7681A75}.Debug|x64.Build.0 = Debug|x64
		{090A49D8-C0CF-3FC9-8DC3-B449B7681A75}.Release|x64.ActiveCfg = Release|x64
		{090A49D8-C0CF-3FC9-8DC3-B449B7681A75}.Release|x64.Build.0 = Release|x64
		{090A49D8-C0CF-3FC9-8DC3-B449B7681A75}.MinSizeRel|x64.ActiveCfg = MinSizeRel|x64
		{090A49D8-C0CF-3FC9-8DC3-B449B7681A75}.MinSizeRel|x64.Build.0 = MinSizeRel|x64
		{090A49D8-C0CF-3FC9-8DC3-B449B7681A75}.RelWithDebInfo|x64.ActiveCfg = RelWithDebInfo|x64
		{090A49D8-C0CF-3FC9-8DC3-B449B7681A75}.RelWithDebInfo|x64.Build.0 = RelWithDebInfo|x64
	EndGlobalSection
	GlobalSection(NestedProjects) = preSolution
		{C48E1450-C727-35DA-82AB-1992CC51AE1C} = {3815ACBA-4379-32E6-8F07-C4FB0BEFBCDE}
		{6C1D5B8F-2728-3B28-B1C1-11414F4B2126} = {3815ACBA-4379-32E6-8F07-C4FB0BEFBCDE}
		{A8DBE965-03C4-3BD6-911A-7359DE095AF5} = {3815ACBA-4379-32E6-8F07-C4FB0BEFBCDE}
		{96245B20-4435-3884-A108-8E2D8CE1C2AD} = {3815ACBA-4379-32E6-8F07-C4FB0BEFBCDE}
		{090A49D8-C0CF-3FC9-8DC3-B449B7681A75} = {3815ACBA-4379-32E6-8F07-C4FB0BEFBCDE}
		{A61BDEAF-B2EA-3E99-B912-E535C11FD5D6} = {233CB80A-CE18-3490-94A7-EEF07FA3108B}
		{E4DB4958-EEE5-3852-A298-84116234A155} = {233CB80A-CE18-3490-94A7-EEF07FA3108B}
		{DCA17903-0BB8-3D68-90B1-6518234AD6C3} = {8D8261BC-6B21-3AAA-9728-C40DCB26081C}
		{D168D9EE-7743-3B5E-A9F5-E644136E3F68} = {31032875-7057-308A-A46F-17E531F0DE4D}
	EndGlobalSection
	GlobalSection(ExtensibilityGlobals) = postSolution
		SolutionGuid = {BBAB455E-5E65-3E52-8845-123758C0EADF}
	EndGlobalSection
	GlobalSection(ExtensibilityAddIns) = postSolution
	EndGlobalSection
EndGlobal
